
Microsoft Visual Studio Solution File, Format Version 12.00
# Visual Studio Version 16
VisualStudioVersion = 16.0.28803.202
MinimumVisualStudioVersion = 10.0.40219.1
Project("{FAE04EC0-301F-11D3-BF4B-00C04F79EFBC}") = "SFTPOperate", "SFTPOperate\SFTPOperate.csproj", "{3FC9448E-29C7-4F2B-BFC5-B19FCC23790A}"
EndProject
Global
	GlobalSection(SolutionConfigurationPlatforms) = preSolution
		Debug|Any CPU = Debug|Any CPU
		Release|Any CPU = Release|Any CPU
	EndGlobalSection
	GlobalSection(ProjectConfigurationPlatforms) = postSolution
		{3FC9448E-29C7-4F2B-BFC5-B19FCC23790A}.Debug|Any CPU.ActiveCfg = Debug|Any CPU
		{3FC9448E-29C7-4F2B-BFC5-B19FCC23790A}.Debug|Any CPU.Build.0 = Debug|Any CPU
		{3FC9448E-29C7-4F2B-BFC5-B19FCC23790A}.Release|Any CPU.ActiveCfg = Release|Any CPU
		{3FC9448E-29C7-4F2B-BFC5-B19FCC23790A}.Release|Any CPU.Build.0 = Release|Any CPU
	EndGlobalSection
	GlobalSection(SolutionProperties) = preSolution
		HideSolutionNode = FALSE
	EndGlobalSection
	GlobalSection(ExtensibilityGlobals) = postSolution
		SolutionGuid = {785E7A6C-3026-4879-8CE2-A89D889A9336}
	EndGlobalSection
EndGlobal
